{
  "name": "artillery",
  "version": "1.0.0",
  "lockfileVersion": 3,
  "requires": true,
  "packages": {
    "": {
      "name": "artillery",
      "version": "1.0.0",
      "license": "ISC",
      "dependencies": {
        "crypto": "^1.0.1",
        "random": "^5.1.1"
      },
      "devDependencies": {
        "@playwright/test": "^1.49.1",
        "@types/node": "^22.9.1"
      }
    },
    "node_modules/@playwright/test": {
      "version": "1.49.1",
      "resolved": "https://registry.npmjs.org/@playwright/test/-/test-1.49.1.tgz",
      "integrity": "sha512-Ky+BVzPz8pL6PQxHqNRW1k3mIyv933LML7HktS8uik0bUXNCdPhoS/kLihiO1tMf/egaJb4IutXd7UywvXEW+g==",
      "dev": true,
      "dependencies": {
        "playwright": "1.49.1"
      },
      "bin": {
        "playwright": "cli.js"
      },
      "engines": {
        "node": ">=18"
      }
    },
    "node_modules/@types/node": {
      "version": "22.9.1",
      "resolved": "https://registry.npmjs.org/@types/node/-/node-22.9.1.tgz",
      "integrity": "sha512-p8Yy/8sw1caA8CdRIQBG5tiLHmxtQKObCijiAa9Ez+d4+PRffM4054xbju0msf+cvhJpnFEeNjxmVT/0ipktrg==",
      "dev": true,
      "license": "MIT",
      "dependencies": {
        "undici-types": "~6.19.8"
      }
    },
    "node_modules/crypto": {
      "version": "1.0.1",
      "resolved": "https://registry.npmjs.org/crypto/-/crypto-1.0.1.tgz",
      "integrity": "sha512-VxBKmeNcqQdiUQUW2Tzq0t377b54N2bMtXO/qiLa+6eRRmmC4qT3D4OnTGoT/U6O9aklQ/jTwbOtRMTTY8G0Ig==",
      "deprecated": "This package is no longer supported. It's now a built-in Node module. If you've depended on crypto, you should switch to the one that's built-in.",
      "license": "ISC"
    },
    "node_modules/fsevents": {
      "version": "2.3.2",
      "resolved": "https://registry.npmjs.org/fsevents/-/fsevents-2.3.2.tgz",
      "integrity": "sha512-xiqMQR4xAeHTuB9uWm+fFRcIOgKBMiOBP+eXiyT7jsgVCq1bkVygt00oASowB7EdtpOHaaPgKt812P9ab+DDKA==",
      "dev": true,
      "hasInstallScript": true,
      "optional": true,
      "os": [
        "darwin"
      ],
      "engines": {
        "node": "^8.16.0 || ^10.6.0 || >=11.0.0"
      }
    },
    "node_modules/playwright": {
      "version": "1.49.1",
      "resolved": "https://registry.npmjs.org/playwright/-/playwright-1.49.1.tgz",
      "integrity": "sha512-VYL8zLoNTBxVOrJBbDuRgDWa3i+mfQgDTrL8Ah9QXZ7ax4Dsj0MSq5bYgytRnDVVe+njoKnfsYkH3HzqVj5UZA==",
      "dev": true,
      "dependencies": {
        "playwright-core": "1.49.1"
      },
      "bin": {
        "playwright": "cli.js"
      },
      "engines": {
        "node": ">=18"
      },
      "optionalDependencies": {
        "fsevents": "2.3.2"
      }
    },
    "node_modules/playwright-core": {
      "version": "1.49.1",
      "resolved": "https://registry.npmjs.org/playwright-core/-/playwright-core-1.49.1.tgz",
      "integrity": "sha512-BzmpVcs4kE2CH15rWfzpjzVGhWERJfmnXmniSyKeRZUs9Ws65m+RGIi7mjJK/euCegfn3i7jvqWeWyHe9y3Vgg==",
      "dev": true,
      "bin": {
        "playwright-core": "cli.js"
      },
      "engines": {
        "node": ">=18"
      }
    },
    "node_modules/random": {
      "version": "5.1.1",
      "resolved": "https://registry.npmjs.org/random/-/random-5.1.1.tgz",
      "integrity": "sha512-iidvORUvXY1ItoYxO0eduHCKl22QV0G6460vRHe862dUagJKPhRyjUGwK8ioOCG4NRuFvExHFpqMngsnr2miwA==",
      "license": "MIT",
      "engines": {
        "node": ">=18"
      }
    },
    "node_modules/undici-types": {
      "version": "6.19.8",
      "resolved": "https://registry.npmjs.org/undici-types/-/undici-types-6.19.8.tgz",
      "integrity": "sha512-ve2KP6f/JnbPBFyobGHuerC9g1FYGn/F8n1LWTwNxCEzd6IfqTwUQcNXgEtmmQ6DlRrC1hrSrBnCZPokRrDHjw==",
      "dev": true,
      "license": "MIT"
    }
  }
}
